// !$*UTF8*$!
{
	archiveVersion = 1;
	classes = {
	};
	objectVersion = 46;
	objects = {

/* Begin PBXBuildFile section */
		B3779B321D4A2A3300C0F277 /* LEFullTextEngine.h in Headers */ = {isa = PBXBuildFile; fileRef = B3779B311D4A2A3300C0F277 /* LEFullTextEngine.h */; settings = {ATTRIBUTES = (Public, ); }; };
		B3779B391D4A2A3300C0F277 /* LEFullTextEngine.framework in Frameworks */ = {isa = PBXBuildFile; fileRef = B3779B2F1D4A2A3300C0F277 /* LEFullTextEngine.framework */; };
		B3779B401D4A2A3300C0F277 /* LEFullTextEngineTests.m in Sources */ = {isa = PBXBuildFile; fileRef = B3779B3F1D4A2A3300C0F277 /* LEFullTextEngineTests.m */; };
		B3779B441D4A2A3300C0F277 /* LEFullTextEngine.framework in Frameworks */ = {isa = PBXBuildFile; fileRef = B3779B2F1D4A2A3300C0F277 /* LEFullTextEngine.framework */; };
		B3779B451D4A2A3300C0F277 /* LEFullTextEngine.framework in Embed Frameworks */ = {isa = PBXBuildFile; fileRef = B3779B2F1D4A2A3300C0F277 /* LEFullTextEngine.framework */; settings = {ATTRIBUTES = (CodeSignOnCopy, RemoveHeadersOnCopy, ); }; };
		B3779B641D4A2B2F00C0F277 /* libiconv.tbd in Frameworks */ = {isa = PBXBuildFile; fileRef = B3B640A51D116E8F006E65F3 /* libiconv.tbd */; };
		B3779B661D4A2B3700C0F277 /* libsqlite3.tbd in Frameworks */ = {isa = PBXBuildFile; fileRef = B3779B651D4A2B3700C0F277 /* libsqlite3.tbd */; };
		B3779B731D4A31C300C0F277 /* LEFTDataImporter.h in Headers */ = {isa = PBXBuildFile; fileRef = B3779B6C1D4A31C300C0F277 /* LEFTDataImporter.h */; settings = {ATTRIBUTES = (Public, ); }; };
		B3779B741D4A31C300C0F277 /* LEFTPartcipleWrapper.h in Headers */ = {isa = PBXBuildFile; fileRef = B3779B6D1D4A31C300C0F277 /* LEFTPartcipleWrapper.h */; settings = {ATTRIBUTES = (Public, ); }; };
		B3779B751D4A31C300C0F277 /* LEFTPartcipleWrapper.mm in Sources */ = {isa = PBXBuildFile; fileRef = B3779B6E1D4A31C300C0F277 /* LEFTPartcipleWrapper.mm */; };
		B3779B761D4A31C300C0F277 /* LEFTValue.h in Headers */ = {isa = PBXBuildFile; fileRef = B3779B6F1D4A31C300C0F277 /* LEFTValue.h */; settings = {ATTRIBUTES = (Public, ); }; };
		B3779B771D4A31C300C0F277 /* LEFTValue.m in Sources */ = {isa = PBXBuildFile; fileRef = B3779B701D4A31C300C0F277 /* LEFTValue.m */; };
		B3779B791D4A31C300C0F277 /* LEFullTextEngine.mm in Sources */ = {isa = PBXBuildFile; fileRef = B3779B721D4A31C300C0F277 /* LEFullTextEngine.mm */; };
		B3779B7A1D4A34D900C0F277 /* LEFullTextEngine_Class.h in Headers */ = {isa = PBXBuildFile; fileRef = B3779B711D4A31C300C0F277 /* LEFullTextEngine_Class.h */; settings = {ATTRIBUTES = (Public, ); }; };
		B3779B7B1D4AFBBC00C0F277 /* dict in Resources */ = {isa = PBXBuildFile; fileRef = B30736CC1CF478EC00D793C0 /* dict */; };
		B3779B7C1D4AFDE900C0F277 /* LEFTSQLDataImporter.m in Sources */ = {isa = PBXBuildFile; fileRef = B39590941D0D66B200651C91 /* LEFTSQLDataImporter.m */; };
		B3779B7D1D4B026D00C0F277 /* FMDatabase.m in Sources */ = {isa = PBXBuildFile; fileRef = B39590981D0D803100651C91 /* FMDatabase.m */; };
		B3779B7E1D4B027000C0F277 /* FMDatabaseAdditions.m in Sources */ = {isa = PBXBuildFile; fileRef = B395909A1D0D803100651C91 /* FMDatabaseAdditions.m */; };
		B3779B7F1D4B027400C0F277 /* FMDatabasePool.m in Sources */ = {isa = PBXBuildFile; fileRef = B395909C1D0D803100651C91 /* FMDatabasePool.m */; };
		B3779B801D4B027700C0F277 /* FMDatabaseQueue.m in Sources */ = {isa = PBXBuildFile; fileRef = B395909E1D0D803100651C91 /* FMDatabaseQueue.m */; };
		B3779B811D4B027A00C0F277 /* FMResultSet.m in Sources */ = {isa = PBXBuildFile; fileRef = B39590A11D0D803100651C91 /* FMResultSet.m */; };
		B3779B821D4B029B00C0F277 /* libsqlite3.tbd in Frameworks */ = {isa = PBXBuildFile; fileRef = B3779B651D4A2B3700C0F277 /* libsqlite3.tbd */; };
		B39590951D0D66B200651C91 /* LEFTSQLDataImporter.m in Sources */ = {isa = PBXBuildFile; fileRef = B39590941D0D66B200651C91 /* LEFTSQLDataImporter.m */; };
		B39590A31D0D803100651C91 /* FMDatabase.m in Sources */ = {isa = PBXBuildFile; fileRef = B39590981D0D803100651C91 /* FMDatabase.m */; };
		B39590A41D0D803100651C91 /* FMDatabaseAdditions.m in Sources */ = {isa = PBXBuildFile; fileRef = B395909A1D0D803100651C91 /* FMDatabaseAdditions.m */; };
		B39590A51D0D803100651C91 /* FMDatabasePool.m in Sources */ = {isa = PBXBuildFile; fileRef = B395909C1D0D803100651C91 /* FMDatabasePool.m */; };
		B39590A61D0D803100651C91 /* FMDatabaseQueue.m in Sources */ = {isa = PBXBuildFile; fileRef = B395909E1D0D803100651C91 /* FMDatabaseQueue.m */; };
		B39590A71D0D803100651C91 /* FMResultSet.m in Sources */ = {isa = PBXBuildFile; fileRef = B39590A11D0D803100651C91 /* FMResultSet.m */; };
		B39590A81D0D803100651C91 /* Info.plist in Resources */ = {isa = PBXBuildFile; fileRef = B39590A21D0D803100651C91 /* Info.plist */; };
		B39590AA1D0D806C00651C91 /* libsqlite3.0.tbd in Frameworks */ = {isa = PBXBuildFile; fileRef = B39590A91D0D806C00651C91 /* libsqlite3.0.tbd */; };
		B3A5166A1CEEE6E6003CFA3B /* AppDelegate.m in Sources */ = {isa = PBXBuildFile; fileRef = B3A516691CEEE6E6003CFA3B /* AppDelegate.m */; };
		B3A5166D1CEEE6E6003CFA3B /* main.m in Sources */ = {isa = PBXBuildFile; fileRef = B3A5166C1CEEE6E6003CFA3B /* main.m */; };
		B3A516701CEEE6E6003CFA3B /* ViewController.mm in Sources */ = {isa = PBXBuildFile; fileRef = B3A5166F1CEEE6E6003CFA3B /* ViewController.mm */; };
		B3A516721CEEE6E6003CFA3B /* Assets.xcassets in Resources */ = {isa = PBXBuildFile; fileRef = B3A516711CEEE6E6003CFA3B /* Assets.xcassets */; };
		B3A516751CEEE6E6003CFA3B /* Main.storyboard in Resources */ = {isa = PBXBuildFile; fileRef = B3A516731CEEE6E6003CFA3B /* Main.storyboard */; };
		B3A5169A1CEEF028003CFA3B /* libbz2.tbd in Frameworks */ = {isa = PBXBuildFile; fileRef = B3A516991CEEF028003CFA3B /* libbz2.tbd */; };
		B3A5169C1CEEF055003CFA3B /* libz.tbd in Frameworks */ = {isa = PBXBuildFile; fileRef = B3A5169B1CEEF055003CFA3B /* libz.tbd */; };
		B3B640A61D116E8F006E65F3 /* libiconv.tbd in Frameworks */ = {isa = PBXBuildFile; fileRef = B3B640A51D116E8F006E65F3 /* libiconv.tbd */; };
/* End PBXBuildFile section */

/* Begin PBXContainerItemProxy section */
		B3779B3A1D4A2A3300C0F277 /* PBXContainerItemProxy */ = {
			isa = PBXContainerItemProxy;
			containerPortal = B3A5165D1CEEE6E6003CFA3B /* Project object */;
			proxyType = 1;
			remoteGlobalIDString = B3779B2E1D4A2A3300C0F277;
			remoteInfo = LEFullTextEngine;
		};
		B3779B421D4A2A3300C0F277 /* PBXContainerItemProxy */ = {
			isa = PBXContainerItemProxy;
			containerPortal = B3A5165D1CEEE6E6003CFA3B /* Project object */;
			proxyType = 1;
			remoteGlobalIDString = B3779B2E1D4A2A3300C0F277;
			remoteInfo = LEFullTextEngine;
		};
/* End PBXContainerItemProxy section */

/* Begin PBXCopyFilesBuildPhase section */
		B3779B491D4A2A3300C0F277 /* Embed Frameworks */ = {
			isa = PBXCopyFilesBuildPhase;
			buildActionMask = 2147483647;
			dstPath = "";
			dstSubfolderSpec = 10;
			files = (
				B3779B451D4A2A3300C0F277 /* LEFullTextEngine.framework in Embed Frameworks */,
			);
			name = "Embed Frameworks";
			runOnlyForDeploymentPostprocessing = 0;
		};
/* End PBXCopyFilesBuildPhase section */

/* Begin PBXFileReference section */
		B30736CC1CF478EC00D793C0 /* dict */ = {isa = PBXFileReference; lastKnownFileType = folder; name = dict; path = ../cppjieba/dict; sourceTree = "<group>"; };
		B30736DB1CFFD3E100D793C0 /* json-forwards.h */ = {isa = PBXFileReference; fileEncoding = 4; lastKnownFileType = sourcecode.c.h; path = "json-forwards.h"; sourceTree = "<group>"; };
		B30736DC1CFFD3E100D793C0 /* json.h */ = {isa = PBXFileReference; fileEncoding = 4; lastKnownFileType = sourcecode.c.h; path = json.h; sourceTree = "<group>"; };
		B30736DD1CFFD3E100D793C0 /* jsoncpp.cpp */ = {isa = PBXFileReference; fileEncoding = 4; lastKnownFileType = sourcecode.cpp.cpp; path = jsoncpp.cpp; sourceTree = "<group>"; };
		B3779B2F1D4A2A3300C0F277 /* LEFullTextEngine.framework */ = {isa = PBXFileReference; explicitFileType = wrapper.framework; includeInIndex = 0; path = LEFullTextEngine.framework; sourceTree = BUILT_PRODUCTS_DIR; };
		B3779B311D4A2A3300C0F277 /* LEFullTextEngine.h */ = {isa = PBXFileReference; lastKnownFileType = sourcecode.c.h; path = LEFullTextEngine.h; sourceTree = "<group>"; };
		B3779B331D4A2A3300C0F277 /* Info.plist */ = {isa = PBXFileReference; lastKnownFileType = text.plist.xml; path = Info.plist; sourceTree = "<group>"; };
		B3779B381D4A2A3300C0F277 /* LEFullTextEngineTests.xctest */ = {isa = PBXFileReference; explicitFileType = wrapper.cfbundle; includeInIndex = 0; path = LEFullTextEngineTests.xctest; sourceTree = BUILT_PRODUCTS_DIR; };
		B3779B3F1D4A2A3300C0F277 /* LEFullTextEngineTests.m */ = {isa = PBXFileReference; lastKnownFileType = sourcecode.c.objc; path = LEFullTextEngineTests.m; sourceTree = "<group>"; };
		B3779B411D4A2A3300C0F277 /* Info.plist */ = {isa = PBXFileReference; lastKnownFileType = text.plist.xml; path = Info.plist; sourceTree = "<group>"; };
		B3779B651D4A2B3700C0F277 /* libsqlite3.tbd */ = {isa = PBXFileReference; lastKnownFileType = "sourcecode.text-based-dylib-definition"; name = libsqlite3.tbd; path = usr/lib/libsqlite3.tbd; sourceTree = SDKROOT; };
		B3779B6C1D4A31C300C0F277 /* LEFTDataImporter.h */ = {isa = PBXFileReference; fileEncoding = 4; lastKnownFileType = sourcecode.c.h; path = LEFTDataImporter.h; sourceTree = "<group>"; };
		B3779B6D1D4A31C300C0F277 /* LEFTPartcipleWrapper.h */ = {isa = PBXFileReference; fileEncoding = 4; lastKnownFileType = sourcecode.c.h; path = LEFTPartcipleWrapper.h; sourceTree = "<group>"; };
		B3779B6E1D4A31C300C0F277 /* LEFTPartcipleWrapper.mm */ = {isa = PBXFileReference; fileEncoding = 4; lastKnownFileType = sourcecode.cpp.objcpp; path = LEFTPartcipleWrapper.mm; sourceTree = "<group>"; };
		B3779B6F1D4A31C300C0F277 /* LEFTValue.h */ = {isa = PBXFileReference; fileEncoding = 4; lastKnownFileType = sourcecode.c.h; path = LEFTValue.h; sourceTree = "<group>"; };
		B3779B701D4A31C300C0F277 /* LEFTValue.m */ = {isa = PBXFileReference; fileEncoding = 4; lastKnownFileType = sourcecode.c.objc; path = LEFTValue.m; sourceTree = "<group>"; };
		B3779B711D4A31C300C0F277 /* LEFullTextEngine_Class.h */ = {isa = PBXFileReference; fileEncoding = 4; lastKnownFileType = sourcecode.c.h; path = LEFullTextEngine_Class.h; sourceTree = "<group>"; };
		B3779B721D4A31C300C0F277 /* LEFullTextEngine.mm */ = {isa = PBXFileReference; fileEncoding = 4; lastKnownFileType = sourcecode.cpp.objcpp; path = LEFullTextEngine.mm; sourceTree = "<group>"; };
		B39590931D0D66B200651C91 /* LEFTSQLDataImporter.h */ = {isa = PBXFileReference; fileEncoding = 4; lastKnownFileType = sourcecode.c.h; path = LEFTSQLDataImporter.h; sourceTree = "<group>"; };
		B39590941D0D66B200651C91 /* LEFTSQLDataImporter.m */ = {isa = PBXFileReference; fileEncoding = 4; lastKnownFileType = sourcecode.c.objc; path = LEFTSQLDataImporter.m; sourceTree = "<group>"; };
		B39590971D0D803100651C91 /* FMDatabase.h */ = {isa = PBXFileReference; fileEncoding = 4; lastKnownFileType = sourcecode.c.h; path = FMDatabase.h; sourceTree = "<group>"; };
		B39590981D0D803100651C91 /* FMDatabase.m */ = {isa = PBXFileReference; fileEncoding = 4; lastKnownFileType = sourcecode.c.objc; path = FMDatabase.m; sourceTree = "<group>"; };
		B39590991D0D803100651C91 /* FMDatabaseAdditions.h */ = {isa = PBXFileReference; fileEncoding = 4; lastKnownFileType = sourcecode.c.h; path = FMDatabaseAdditions.h; sourceTree = "<group>"; };
		B395909A1D0D803100651C91 /* FMDatabaseAdditions.m */ = {isa = PBXFileReference; fileEncoding = 4; lastKnownFileType = sourcecode.c.objc; path = FMDatabaseAdditions.m; sourceTree = "<group>"; };
		B395909B1D0D803100651C91 /* FMDatabasePool.h */ = {isa = PBXFileReference; fileEncoding = 4; lastKnownFileType = sourcecode.c.h; path = FMDatabasePool.h; sourceTree = "<group>"; };
		B395909C1D0D803100651C91 /* FMDatabasePool.m */ = {isa = PBXFileReference; fileEncoding = 4; lastKnownFileType = sourcecode.c.objc; path = FMDatabasePool.m; sourceTree = "<group>"; };
		B395909D1D0D803100651C91 /* FMDatabaseQueue.h */ = {isa = PBXFileReference; fileEncoding = 4; lastKnownFileType = sourcecode.c.h; path = FMDatabaseQueue.h; sourceTree = "<group>"; };
		B395909E1D0D803100651C91 /* FMDatabaseQueue.m */ = {isa = PBXFileReference; fileEncoding = 4; lastKnownFileType = sourcecode.c.objc; path = FMDatabaseQueue.m; sourceTree = "<group>"; };
		B395909F1D0D803100651C91 /* FMDB.h */ = {isa = PBXFileReference; fileEncoding = 4; lastKnownFileType = sourcecode.c.h; path = FMDB.h; sourceTree = "<group>"; };
		B39590A01D0D803100651C91 /* FMResultSet.h */ = {isa = PBXFileReference; fileEncoding = 4; lastKnownFileType = sourcecode.c.h; path = FMResultSet.h; sourceTree = "<group>"; };
		B39590A11D0D803100651C91 /* FMResultSet.m */ = {isa = PBXFileReference; fileEncoding = 4; lastKnownFileType = sourcecode.c.objc; path = FMResultSet.m; sourceTree = "<group>"; };
		B39590A21D0D803100651C91 /* Info.plist */ = {isa = PBXFileReference; fileEncoding = 4; lastKnownFileType = text.plist.xml; path = Info.plist; sourceTree = "<group>"; };
		B39590A91D0D806C00651C91 /* libsqlite3.0.tbd */ = {isa = PBXFileReference; lastKnownFileType = "sourcecode.text-based-dylib-definition"; name = libsqlite3.0.tbd; path = usr/lib/libsqlite3.0.tbd; sourceTree = SDKROOT; };
		B3A516651CEEE6E6003CFA3B /* FullTextSearch.app */ = {isa = PBXFileReference; explicitFileType = wrapper.application; includeInIndex = 0; path = FullTextSearch.app; sourceTree = BUILT_PRODUCTS_DIR; };
		B3A516681CEEE6E6003CFA3B /* AppDelegate.h */ = {isa = PBXFileReference; lastKnownFileType = sourcecode.c.h; path = AppDelegate.h; sourceTree = "<group>"; };
		B3A516691CEEE6E6003CFA3B /* AppDelegate.m */ = {isa = PBXFileReference; lastKnownFileType = sourcecode.c.objc; path = AppDelegate.m; sourceTree = "<group>"; };
		B3A5166C1CEEE6E6003CFA3B /* main.m */ = {isa = PBXFileReference; lastKnownFileType = sourcecode.c.objc; path = main.m; sourceTree = "<group>"; };
		B3A5166E1CEEE6E6003CFA3B /* ViewController.h */ = {isa = PBXFileReference; lastKnownFileType = sourcecode.c.h; path = ViewController.h; sourceTree = "<group>"; };
		B3A5166F1CEEE6E6003CFA3B /* ViewController.mm */ = {isa = PBXFileReference; lastKnownFileType = sourcecode.cpp.objcpp; path = ViewController.mm; sourceTree = "<group>"; };
		B3A516711CEEE6E6003CFA3B /* Assets.xcassets */ = {isa = PBXFileReference; lastKnownFileType = folder.assetcatalog; path = Assets.xcassets; sourceTree = "<group>"; };
		B3A516741CEEE6E6003CFA3B /* Base */ = {isa = PBXFileReference; lastKnownFileType = file.storyboard; name = Base; path = Base.lproj/Main.storyboard; sourceTree = "<group>"; };
		B3A516761CEEE6E6003CFA3B /* Info.plist */ = {isa = PBXFileReference; lastKnownFileType = text.plist.xml; path = Info.plist; sourceTree = "<group>"; };
		B3A516991CEEF028003CFA3B /* libbz2.tbd */ = {isa = PBXFileReference; lastKnownFileType = "sourcecode.text-based-dylib-definition"; name = libbz2.tbd; path = usr/lib/libbz2.tbd; sourceTree = SDKROOT; };
		B3A5169B1CEEF055003CFA3B /* libz.tbd */ = {isa = PBXFileReference; lastKnownFileType = "sourcecode.text-based-dylib-definition"; name = libz.tbd; path = usr/lib/libz.tbd; sourceTree = SDKROOT; };
		B3A516A21CEEF993003CFA3B /* DictTrie.hpp */ = {isa = PBXFileReference; fileEncoding = 4; lastKnownFileType = sourcecode.cpp.h; path = DictTrie.hpp; sourceTree = "<group>"; };
		B3A516A31CEEF993003CFA3B /* FullSegment.hpp */ = {isa = PBXFileReference; fileEncoding = 4; lastKnownFileType = sourcecode.cpp.h; path = FullSegment.hpp; sourceTree = "<group>"; };
		B3A516A41CEEF993003CFA3B /* HMMModel.hpp */ = {isa = PBXFileReference; fileEncoding = 4; lastKnownFileType = sourcecode.cpp.h; path = HMMModel.hpp; sourceTree = "<group>"; };
		B3A516A51CEEF993003CFA3B /* HMMSegment.hpp */ = {isa = PBXFileReference; fileEncoding = 4; lastKnownFileType = sourcecode.cpp.h; path = HMMSegment.hpp; sourceTree = "<group>"; };
		B3A516A61CEEF993003CFA3B /* Jieba.hpp */ = {isa = PBXFileReference; fileEncoding = 4; lastKnownFileType = sourcecode.cpp.h; path = Jieba.hpp; sourceTree = "<group>"; };
		B3A516A71CEEF993003CFA3B /* KeywordExtractor.hpp */ = {isa = PBXFileReference; fileEncoding = 4; lastKnownFileType = sourcecode.cpp.h; path = KeywordExtractor.hpp; sourceTree = "<group>"; };
		B3A516A81CEEF993003CFA3B /* MixSegment.hpp */ = {isa = PBXFileReference; fileEncoding = 4; lastKnownFileType = sourcecode.cpp.h; path = MixSegment.hpp; sourceTree = "<group>"; };
		B3A516A91CEEF993003CFA3B /* MPSegment.hpp */ = {isa = PBXFileReference; fileEncoding = 4; lastKnownFileType = sourcecode.cpp.h; path = MPSegment.hpp; sourceTree = "<group>"; };
		B3A516AA1CEEF993003CFA3B /* PosTagger.hpp */ = {isa = PBXFileReference; fileEncoding = 4; lastKnownFileType = sourcecode.cpp.h; path = PosTagger.hpp; sourceTree = "<group>"; };
		B3A516AB1CEEF993003CFA3B /* PreFilter.hpp */ = {isa = PBXFileReference; fileEncoding = 4; lastKnownFileType = sourcecode.cpp.h; path = PreFilter.hpp; sourceTree = "<group>"; };
		B3A516AC1CEEF993003CFA3B /* QuerySegment.hpp */ = {isa = PBXFileReference; fileEncoding = 4; lastKnownFileType = sourcecode.cpp.h; path = QuerySegment.hpp; sourceTree = "<group>"; };
		B3A516AD1CEEF993003CFA3B /* SegmentBase.hpp */ = {isa = PBXFileReference; fileEncoding = 4; lastKnownFileType = sourcecode.cpp.h; path = SegmentBase.hpp; sourceTree = "<group>"; };
		B3A516AE1CEEF993003CFA3B /* TextRankExtractor.hpp */ = {isa = PBXFileReference; fileEncoding = 4; lastKnownFileType = sourcecode.cpp.h; path = TextRankExtractor.hpp; sourceTree = "<group>"; };
		B3A516AF1CEEF993003CFA3B /* Trie.hpp */ = {isa = PBXFileReference; fileEncoding = 4; lastKnownFileType = sourcecode.cpp.h; path = Trie.hpp; sourceTree = "<group>"; };
		B3A516B01CEEF993003CFA3B /* Unicode.hpp */ = {isa = PBXFileReference; fileEncoding = 4; lastKnownFileType = sourcecode.cpp.h; path = Unicode.hpp; sourceTree = "<group>"; };
		B3B640A51D116E8F006E65F3 /* libiconv.tbd */ = {isa = PBXFileReference; lastKnownFileType = "sourcecode.text-based-dylib-definition"; name = libiconv.tbd; path = usr/lib/libiconv.tbd; sourceTree = SDKROOT; };
/* End PBXFileReference section */

/* Begin PBXFrameworksBuildPhase section */
		B3779B2B1D4A2A3300C0F277 /* Frameworks */ = {
			isa = PBXFrameworksBuildPhase;
			buildActionMask = 2147483647;
			files = (
				B3779B661D4A2B3700C0F277 /* libsqlite3.tbd in Frameworks */,
				B3779B641D4A2B2F00C0F277 /* libiconv.tbd in Frameworks */,
			);
			runOnlyForDeploymentPostprocessing = 0;
		};
		B3779B351D4A2A3300C0F277 /* Frameworks */ = {
			isa = PBXFrameworksBuildPhase;
			buildActionMask = 2147483647;
			files = (
				B3779B821D4B029B00C0F277 /* libsqlite3.tbd in Frameworks */,
				B3779B391D4A2A3300C0F277 /* LEFullTextEngine.framework in Frameworks */,
			);
			runOnlyForDeploymentPostprocessing = 0;
		};
		B3A516621CEEE6E6003CFA3B /* Frameworks */ = {
			isa = PBXFrameworksBuildPhase;
			buildActionMask = 2147483647;
			files = (
				B3779B441D4A2A3300C0F277 /* LEFullTextEngine.framework in Frameworks */,
				B3B640A61D116E8F006E65F3 /* libiconv.tbd in Frameworks */,
				B39590AA1D0D806C00651C91 /* libsqlite3.0.tbd in Frameworks */,
				B3A5169C1CEEF055003CFA3B /* libz.tbd in Frameworks */,
				B3A5169A1CEEF028003CFA3B /* libbz2.tbd in Frameworks */,
			);
			runOnlyForDeploymentPostprocessing = 0;
		};
/* End PBXFrameworksBuildPhase section */

/* Begin PBXGroup section */
		B30736CE1CF5BD1E00D793C0 /* LEFullTextEngine */ = {
			isa = PBXGroup;
			children = (
				B39590931D0D66B200651C91 /* LEFTSQLDataImporter.h */,
				B39590941D0D66B200651C91 /* LEFTSQLDataImporter.m */,
			);
			name = LEFullTextEngine;
			path = FullTextSearch/LEFullTextEngine;
			sourceTree = "<group>";
		};
		B30736D91CFFD3E100D793C0 /* jsoncpp */ = {
			isa = PBXGroup;
			children = (
				B30736DA1CFFD3E100D793C0 /* json */,
				B30736DD1CFFD3E100D793C0 /* jsoncpp.cpp */,
			);
			path = jsoncpp;
			sourceTree = "<group>";
		};
		B30736DA1CFFD3E100D793C0 /* json */ = {
			isa = PBXGroup;
			children = (
				B30736DB1CFFD3E100D793C0 /* json-forwards.h */,
				B30736DC1CFFD3E100D793C0 /* json.h */,
			);
			path = json;
			sourceTree = "<group>";
		};
		B3779B301D4A2A3300C0F277 /* LEFullTextEngine */ = {
			isa = PBXGroup;
			children = (
				B30736CC1CF478EC00D793C0 /* dict */,
				B3A516A11CEEF993003CFA3B /* cppjieba */,
				B3779B311D4A2A3300C0F277 /* LEFullTextEngine.h */,
				B3779B6C1D4A31C300C0F277 /* LEFTDataImporter.h */,
				B3779B6D1D4A31C300C0F277 /* LEFTPartcipleWrapper.h */,
				B3779B6E1D4A31C300C0F277 /* LEFTPartcipleWrapper.mm */,
				B3779B6F1D4A31C300C0F277 /* LEFTValue.h */,
				B3779B701D4A31C300C0F277 /* LEFTValue.m */,
				B3779B711D4A31C300C0F277 /* LEFullTextEngine_Class.h */,
				B3779B721D4A31C300C0F277 /* LEFullTextEngine.mm */,
				B3779B331D4A2A3300C0F277 /* Info.plist */,
			);
			path = LEFullTextEngine;
			sourceTree = "<group>";
		};
		B3779B3E1D4A2A3300C0F277 /* LEFullTextEngineTests */ = {
			isa = PBXGroup;
			children = (
				B3779B3F1D4A2A3300C0F277 /* LEFullTextEngineTests.m */,
				B3779B411D4A2A3300C0F277 /* Info.plist */,
			);
			path = LEFullTextEngineTests;
			sourceTree = "<group>";
		};
		B39590961D0D803100651C91 /* fmdb */ = {
			isa = PBXGroup;
			children = (
				B39590971D0D803100651C91 /* FMDatabase.h */,
				B39590981D0D803100651C91 /* FMDatabase.m */,
				B39590991D0D803100651C91 /* FMDatabaseAdditions.h */,
				B395909A1D0D803100651C91 /* FMDatabaseAdditions.m */,
				B395909B1D0D803100651C91 /* FMDatabasePool.h */,
				B395909C1D0D803100651C91 /* FMDatabasePool.m */,
				B395909D1D0D803100651C91 /* FMDatabaseQueue.h */,
				B395909E1D0D803100651C91 /* FMDatabaseQueue.m */,
				B395909F1D0D803100651C91 /* FMDB.h */,
				B39590A01D0D803100651C91 /* FMResultSet.h */,
				B39590A11D0D803100651C91 /* FMResultSet.m */,
				B39590A21D0D803100651C91 /* Info.plist */,
			);
			path = fmdb;
			sourceTree = "<group>";
		};
		B3A5165C1CEEE6E6003CFA3B = {
			isa = PBXGroup;
			children = (
				B30736CE1CF5BD1E00D793C0 /* LEFullTextEngine */,
				B3A516A01CEEF97E003CFA3B /* Vendors */,
				B3779B301D4A2A3300C0F277 /* LEFullTextEngine */,
				B3779B3E1D4A2A3300C0F277 /* LEFullTextEngineTests */,
				B3A5169D1CEEF938003CFA3B /* Frameworks */,
				B3A516671CEEE6E6003CFA3B /* FullTextSearch */,
				B3A516661CEEE6E6003CFA3B /* Products */,
			);
			sourceTree = "<group>";
		};
		B3A516661CEEE6E6003CFA3B /* Products */ = {
			isa = PBXGroup;
			children = (
				B3A516651CEEE6E6003CFA3B /* FullTextSearch.app */,
				B3779B2F1D4A2A3300C0F277 /* LEFullTextEngine.framework */,
				B3779B381D4A2A3300C0F277 /* LEFullTextEngineTests.xctest */,
			);
			name = Products;
			sourceTree = "<group>";
		};
		B3A516671CEEE6E6003CFA3B /* FullTextSearch */ = {
			isa = PBXGroup;
			children = (
				B3A516681CEEE6E6003CFA3B /* AppDelegate.h */,
				B3A516691CEEE6E6003CFA3B /* AppDelegate.m */,
				B3A5166E1CEEE6E6003CFA3B /* ViewController.h */,
				B3A5166F1CEEE6E6003CFA3B /* ViewController.mm */,
				B3A516711CEEE6E6003CFA3B /* Assets.xcassets */,
				B3A516731CEEE6E6003CFA3B /* Main.storyboard */,
				B3A516761CEEE6E6003CFA3B /* Info.plist */,
				B3A5166B1CEEE6E6003CFA3B /* Supporting Files */,
			);
			path = FullTextSearch;
			sourceTree = "<group>";
		};
		B3A5166B1CEEE6E6003CFA3B /* Supporting Files */ = {
			isa = PBXGroup;
			children = (
				B3A5166C1CEEE6E6003CFA3B /* main.m */,
			);
			name = "Supporting Files";
			sourceTree = "<group>";
		};
		B3A5169D1CEEF938003CFA3B /* Frameworks */ = {
			isa = PBXGroup;
			children = (
				B3779B651D4A2B3700C0F277 /* libsqlite3.tbd */,
				B3B640A51D116E8F006E65F3 /* libiconv.tbd */,
				B39590A91D0D806C00651C91 /* libsqlite3.0.tbd */,
				B3A5169B1CEEF055003CFA3B /* libz.tbd */,
				B3A516991CEEF028003CFA3B /* libbz2.tbd */,
			);
			name = Frameworks;
			sourceTree = "<group>";
		};
		B3A516A01CEEF97E003CFA3B /* Vendors */ = {
			isa = PBXGroup;
			children = (
				B39590961D0D803100651C91 /* fmdb */,
				B30736D91CFFD3E100D793C0 /* jsoncpp */,
			);
			name = Vendors;
			sourceTree = "<group>";
		};
		B3A516A11CEEF993003CFA3B /* cppjieba */ = {
			isa = PBXGroup;
			children = (
				B3A516A21CEEF993003CFA3B /* DictTrie.hpp */,
				B3A516A31CEEF993003CFA3B /* FullSegment.hpp */,
				B3A516A41CEEF993003CFA3B /* HMMModel.hpp */,
				B3A516A51CEEF993003CFA3B /* HMMSegment.hpp */,
				B3A516A61CEEF993003CFA3B /* Jieba.hpp */,
				B3A516A71CEEF993003CFA3B /* KeywordExtractor.hpp */,
				B3A516A81CEEF993003CFA3B /* MixSegment.hpp */,
				B3A516A91CEEF993003CFA3B /* MPSegment.hpp */,
				B3A516AA1CEEF993003CFA3B /* PosTagger.hpp */,
				B3A516AB1CEEF993003CFA3B /* PreFilter.hpp */,
				B3A516AC1CEEF993003CFA3B /* QuerySegment.hpp */,
				B3A516AD1CEEF993003CFA3B /* SegmentBase.hpp */,
				B3A516AE1CEEF993003CFA3B /* TextRankExtractor.hpp */,
				B3A516AF1CEEF993003CFA3B /* Trie.hpp */,
				B3A516B01CEEF993003CFA3B /* Unicode.hpp */,
			);
			name = cppjieba;
			path = ../cppjieba/include/cppjieba;
			sourceTree = "<group>";
		};
/* End PBXGroup section */

/* Begin PBXHeadersBuildPhase section */
		B3779B2C1D4A2A3300C0F277 /* Headers */ = {
			isa = PBXHeadersBuildPhase;
			buildActionMask = 2147483647;
			files = (
				B3779B7A1D4A34D900C0F277 /* LEFullTextEngine_Class.h in Headers */,
				B3779B321D4A2A3300C0F277 /* LEFullTextEngine.h in Headers */,
				B3779B761D4A31C300C0F277 /* LEFTValue.h in Headers */,
				B3779B741D4A31C300C0F277 /* LEFTPartcipleWrapper.h in Headers */,
				B3779B731D4A31C300C0F277 /* LEFTDataImporter.h in Headers */,
			);
			runOnlyForDeploymentPostprocessing = 0;
		};
/* End PBXHeadersBuildPhase section */

/* Begin PBXNativeTarget section */
		B3779B2E1D4A2A3300C0F277 /* LEFullTextEngine */ = {
			isa = PBXNativeTarget;
			buildConfigurationList = B3779B461D4A2A3300C0F277 /* Build configuration list for PBXNativeTarget "LEFullTextEngine" */;
			buildPhases = (
				B3779B2A1D4A2A3300C0F277 /* Sources */,
				B3779B2B1D4A2A3300C0F277 /* Frameworks */,
				B3779B2C1D4A2A3300C0F277 /* Headers */,
				B3779B2D1D4A2A3300C0F277 /* Resources */,
			);
			buildRules = (
			);
			dependencies = (
			);
			name = LEFullTextEngine;
			productName = LEFullTextEngine;
			productReference = B3779B2F1D4A2A3300C0F277 /* LEFullTextEngine.framework */;
			productType = "com.apple.product-type.framework";
		};
		B3779B371D4A2A3300C0F277 /* LEFullTextEngineTests */ = {
			isa = PBXNativeTarget;
			buildConfigurationList = B3779B4A1D4A2A3300C0F277 /* Build configuration list for PBXNativeTarget "LEFullTextEngineTests" */;
			buildPhases = (
				B3779B341D4A2A3300C0F277 /* Sources */,
				B3779B351D4A2A3300C0F277 /* Frameworks */,
				B3779B361D4A2A3300C0F277 /* Resources */,
			);
			buildRules = (
			);
			dependencies = (
				B3779B3B1D4A2A3300C0F277 /* PBXTargetDependency */,
			);
			name = LEFullTextEngineTests;
			productName = LEFullTextEngineTests;
			productReference = B3779B381D4A2A3300C0F277 /* LEFullTextEngineTests.xctest */;
			productType = "com.apple.product-type.bundle.unit-test";
		};
		B3A516641CEEE6E6003CFA3B /* FullTextSearch */ = {
			isa = PBXNativeTarget;
			buildConfigurationList = B3A5168F1CEEE6E6003CFA3B /* Build configuration list for PBXNativeTarget "FullTextSearch" */;
			buildPhases = (
				B3A516611CEEE6E6003CFA3B /* Sources */,
				B3A516621CEEE6E6003CFA3B /* Frameworks */,
				B3A516631CEEE6E6003CFA3B /* Resources */,
				B3779B491D4A2A3300C0F277 /* Embed Frameworks */,
			);
			buildRules = (
			);
			dependencies = (
				B3779B431D4A2A3300C0F277 /* PBXTargetDependency */,
			);
			name = FullTextSearch;
			productName = FullTextSearch;
			productReference = B3A516651CEEE6E6003CFA3B /* FullTextSearch.app */;
			productType = "com.apple.product-type.application";
		};
/* End PBXNativeTarget section */

/* Begin PBXProject section */
		B3A5165D1CEEE6E6003CFA3B /* Project object */ = {
			isa = PBXProject;
			attributes = {
				LastUpgradeCheck = 0730;
				ORGANIZATIONNAME = leo;
				TargetAttributes = {
					B3779B2E1D4A2A3300C0F277 = {
						CreatedOnToolsVersion = 7.3.1;
					};
					B3779B371D4A2A3300C0F277 = {
						CreatedOnToolsVersion = 7.3.1;
					};
					B3A516641CEEE6E6003CFA3B = {
						CreatedOnToolsVersion = 7.3.1;
					};
				};
			};
			buildConfigurationList = B3A516601CEEE6E6003CFA3B /* Build configuration list for PBXProject "FullTextSearch" */;
			compatibilityVersion = "Xcode 3.2";
			developmentRegion = English;
			hasScannedForEncodings = 0;
			knownRegions = (
				en,
				Base,
			);
			mainGroup = B3A5165C1CEEE6E6003CFA3B;
			productRefGroup = B3A516661CEEE6E6003CFA3B /* Products */;
			projectDirPath = "";
			projectRoot = "";
			targets = (
				B3A516641CEEE6E6003CFA3B /* FullTextSearch */,
				B3779B2E1D4A2A3300C0F277 /* LEFullTextEngine */,
				B3779B371D4A2A3300C0F277 /* LEFullTextEngineTests */,
			);
		};
/* End PBXProject section */

/* Begin PBXResourcesBuildPhase section */
		B3779B2D1D4A2A3300C0F277 /* Resources */ = {
			isa = PBXResourcesBuildPhase;
			buildActionMask = 2147483647;
			files = (
				B3779B7B1D4AFBBC00C0F277 /* dict in Resources */,
			);
			runOnlyForDeploymentPostprocessing = 0;
		};
		B3779B361D4A2A3300C0F277 /* Resources */ = {
			isa = PBXResourcesBuildPhase;
			buildActionMask = 2147483647;
			files = (
			);
			runOnlyForDeploymentPostprocessing = 0;
		};
		B3A516631CEEE6E6003CFA3B /* Resources */ = {
			isa = PBXResourcesBuildPhase;
			buildActionMask = 2147483647;
			files = (
				B39590A81D0D803100651C91 /* Info.plist in Resources */,
				B3A516721CEEE6E6003CFA3B /* Assets.xcassets in Resources */,
				B3A516751CEEE6E6003CFA3B /* Main.storyboard in Resources */,
			);
			runOnlyForDeploymentPostprocessing = 0;
		};
/* End PBXResourcesBuildPhase section */

/* Begin PBXSourcesBuildPhase section */
		B3779B2A1D4A2A3300C0F277 /* Sources */ = {
			isa = PBXSourcesBuildPhase;
			buildActionMask = 2147483647;
			files = (
				B3779B771D4A31C300C0F277 /* LEFTValue.m in Sources */,
				B3779B791D4A31C300C0F277 /* LEFullTextEngine.mm in Sources */,
				B3779B751D4A31C300C0F277 /* LEFTPartcipleWrapper.mm in Sources */,
			);
			runOnlyForDeploymentPostprocessing = 0;
		};
		B3779B341D4A2A3300C0F277 /* Sources */ = {
			isa = PBXSourcesBuildPhase;
			buildActionMask = 2147483647;
			files = (
				B3779B7D1D4B026D00C0F277 /* FMDatabase.m in Sources */,
				B3779B401D4A2A3300C0F277 /* LEFullTextEngineTests.m in Sources */,
				B3779B811D4B027A00C0F277 /* FMResultSet.m in Sources */,
				B3779B7F1D4B027400C0F277 /* FMDatabasePool.m in Sources */,
				B3779B7C1D4AFDE900C0F277 /* LEFTSQLDataImporter.m in Sources */,
				B3779B7E1D4B027000C0F277 /* FMDatabaseAdditions.m in Sources */,
				B3779B801D4B027700C0F277 /* FMDatabaseQueue.m in Sources */,
			);
			runOnlyForDeploymentPostprocessing = 0;
		};
		B3A516611CEEE6E6003CFA3B /* Sources */ = {
			isa = PBXSourcesBuildPhase;
			buildActionMask = 2147483647;
			files = (
				B39590A31D0D803100651C91 /* FMDatabase.m in Sources */,
				B3A516701CEEE6E6003CFA3B /* ViewController.mm in Sources */,
				B39590A61D0D803100651C91 /* FMDatabaseQueue.m in Sources */,
				B39590A71D0D803100651C91 /* FMResultSet.m in Sources */,
				B39590A51D0D803100651C91 /* FMDatabasePool.m in Sources */,
				B3A5166D1CEEE6E6003CFA3B /* main.m in Sources */,
				B3A5166A1CEEE6E6003CFA3B /* AppDelegate.m in Sources */,
				B39590951D0D66B200651C91 /* LEFTSQLDataImporter.m in Sources */,
				B39590A41D0D803100651C91 /* FMDatabaseAdditions.m in Sources */,
			);
			runOnlyForDeploymentPostprocessing = 0;
		};
/* End PBXSourcesBuildPhase section */

/* Begin PBXTargetDependency section */
		B3779B3B1D4A2A3300C0F277 /* PBXTargetDependency */ = {
			isa = PBXTargetDependency;
			target = B3779B2E1D4A2A3300C0F277 /* LEFullTextEngine */;
			targetProxy = B3779B3A1D4A2A3300C0F277 /* PBXContainerItemProxy */;
		};
		B3779B431D4A2A3300C0F277 /* PBXTargetDependency */ = {
			isa = PBXTargetDependency;
			target = B3779B2E1D4A2A3300C0F277 /* LEFullTextEngine */;
			targetProxy = B3779B421D4A2A3300C0F277 /* PBXContainerItemProxy */;
		};
/* End PBXTargetDependency section */

/* Begin PBXVariantGroup section */
		B3A516731CEEE6E6003CFA3B /* Main.storyboard */ = {
			isa = PBXVariantGroup;
			children = (
				B3A516741CEEE6E6003CFA3B /* Base */,
			);
			name = Main.storyboard;
			sourceTree = "<group>";
		};
/* End PBXVariantGroup section */

/* Begin XCBuildConfiguration section */
		B3779B471D4A2A3300C0F277 /* Debug */ = {
			isa = XCBuildConfiguration;
			buildSettings = {
				CLANG_ALLOW_NON_MODULAR_INCLUDES_IN_FRAMEWORK_MODULES = NO;
				COMBINE_HIDPI_IMAGES = YES;
				CURRENT_PROJECT_VERSION = 1;
				DEFINES_MODULE = YES;
				DYLIB_COMPATIBILITY_VERSION = 1;
				DYLIB_CURRENT_VERSION = 1;
				DYLIB_INSTALL_NAME_BASE = "@rpath";
				FRAMEWORK_VERSION = A;
				HEADER_SEARCH_PATHS = $SRCROOT/cppjieba/deps;
				INFOPLIST_FILE = LEFullTextEngine/Info.plist;
				INSTALL_PATH = "$(LOCAL_LIBRARY_DIR)/Frameworks";
				LD_RUNPATH_SEARCH_PATHS = "$(inherited) @executable_path/../Frameworks @loader_path/Frameworks";
				PRODUCT_BUNDLE_IDENTIFIER = le.gear.LEFullTextEngine;
				PRODUCT_NAME = "$(TARGET_NAME)";
				SKIP_INSTALL = YES;
				VERSIONING_SYSTEM = "apple-generic";
				VERSION_INFO_PREFIX = "";
			};
			name = Debug;
		};
		B3779B481D4A2A3300C0F277 /* Release */ = {
			isa = XCBuildConfiguration;
			buildSettings = {
				CLANG_ALLOW_NON_MODULAR_INCLUDES_IN_FRAMEWORK_MODULES = NO;
				COMBINE_HIDPI_IMAGES = YES;
				CURRENT_PROJECT_VERSION = 1;
				DEFINES_MODULE = YES;
				DYLIB_COMPATIBILITY_VERSION = 1;
				DYLIB_CURRENT_VERSION = 1;
				DYLIB_INSTALL_NAME_BASE = "@rpath";
				FRAMEWORK_VERSION = A;
				HEADER_SEARCH_PATHS = $SRCROOT/cppjieba/deps;
				INFOPLIST_FILE = LEFullTextEngine/Info.plist;
				INSTALL_PATH = "$(LOCAL_LIBRARY_DIR)/Frameworks";
				LD_RUNPATH_SEARCH_PATHS = "$(inherited) @executable_path/../Frameworks @loader_path/Frameworks";
				PRODUCT_BUNDLE_IDENTIFIER = le.gear.LEFullTextEngine;
				PRODUCT_NAME = "$(TARGET_NAME)";
				SKIP_INSTALL = YES;
				VERSIONING_SYSTEM = "apple-generic";
				VERSION_INFO_PREFIX = "";
			};
			name = Release;
		};
		B3779B4B1D4A2A3300C0F277 /* Debug */ = {
			isa = XCBuildConfiguration;
			buildSettings = {
				COMBINE_HIDPI_IMAGES = YES;
				INFOPLIST_FILE = LEFullTextEngineTests/Info.plist;
				LD_RUNPATH_SEARCH_PATHS = "$(inherited) @executable_path/../Frameworks @loader_path/../Frameworks";
				PRODUCT_BUNDLE_IDENTIFIER = le.gear.LEFullTextEngineTests;
				PRODUCT_NAME = "$(TARGET_NAME)";
			};
			name = Debug;
		};
		B3779B4C1D4A2A3300C0F277 /* Release */ = {
			isa = XCBuildConfiguration;
			buildSettings = {
				COMBINE_HIDPI_IMAGES = YES;
				INFOPLIST_FILE = LEFullTextEngineTests/Info.plist;
				LD_RUNPATH_SEARCH_PATHS = "$(inherited) @executable_path/../Frameworks @loader_path/../Frameworks";
				PRODUCT_BUNDLE_IDENTIFIER = le.gear.LEFullTextEngineTests;
				PRODUCT_NAME = "$(TARGET_NAME)";
			};
			name = Release;
		};
		B3A5168D1CEEE6E6003CFA3B /* Debug */ = {
			isa = XCBuildConfiguration;
			buildSettings = {
				ALWAYS_SEARCH_USER_PATHS = NO;
				CLANG_ANALYZER_NONNULL = YES;
				CLANG_CXX_LANGUAGE_STANDARD = "gnu++0x";
				CLANG_CXX_LIBRARY = "libc++";
				CLANG_ENABLE_MODULES = YES;
				CLANG_ENABLE_OBJC_ARC = YES;
				CLANG_WARN_BOOL_CONVERSION = YES;
				CLANG_WARN_CONSTANT_CONVERSION = YES;
				CLANG_WARN_DIRECT_OBJC_ISA_USAGE = YES_ERROR;
				CLANG_WARN_EMPTY_BODY = YES;
				CLANG_WARN_ENUM_CONVERSION = YES;
				CLANG_WARN_INT_CONVERSION = YES;
				CLANG_WARN_OBJC_ROOT_CLASS = YES_ERROR;
				CLANG_WARN_UNREACHABLE_CODE = YES;
				CLANG_WARN__DUPLICATE_METHOD_MATCH = YES;
				CODE_SIGN_IDENTITY = "-";
				COPY_PHASE_STRIP = NO;
				DEBUG_INFORMATION_FORMAT = dwarf;
				ENABLE_STRICT_OBJC_MSGSEND = YES;
				ENABLE_TESTABILITY = YES;
				GCC_C_LANGUAGE_STANDARD = gnu99;
				GCC_DYNAMIC_NO_PIC = NO;
				GCC_NO_COMMON_BLOCKS = YES;
				GCC_OPTIMIZATION_LEVEL = 0;
				GCC_PREPROCESSOR_DEFINITIONS = (
					"DEBUG=1",
					"$(inherited)",
				);
				GCC_WARN_64_TO_32_BIT_CONVERSION = YES;
				GCC_WARN_ABOUT_RETURN_TYPE = YES_ERROR;
				GCC_WARN_UNDECLARED_SELECTOR = YES;
				GCC_WARN_UNINITIALIZED_AUTOS = YES_AGGRESSIVE;
				GCC_WARN_UNUSED_FUNCTION = YES;
				GCC_WARN_UNUSED_VARIABLE = YES;
				MACOSX_DEPLOYMENT_TARGET = 10.11;
				MTL_ENABLE_DEBUG_INFO = YES;
				ONLY_ACTIVE_ARCH = YES;
				SDKROOT = macosx;
			};
			name = Debug;
		};
		B3A5168E1CEEE6E6003CFA3B /* Release */ = {
			isa = XCBuildConfiguration;
			buildSettings = {
				ALWAYS_SEARCH_USER_PATHS = NO;
				CLANG_ANALYZER_NONNULL = YES;
				CLANG_CXX_LANGUAGE_STANDARD = "gnu++0x";
				CLANG_CXX_LIBRARY = "libc++";
				CLANG_ENABLE_MODULES = YES;
				CLANG_ENABLE_OBJC_ARC = YES;
				CLANG_WARN_BOOL_CONVERSION = YES;
				CLANG_WARN_CONSTANT_CONVERSION = YES;
				CLANG_WARN_DIRECT_OBJC_ISA_USAGE = YES_ERROR;
				CLANG_WARN_EMPTY_BODY = YES;
				CLANG_WARN_ENUM_CONVERSION = YES;
				CLANG_WARN_INT_CONVERSION = YES;
				CLANG_WARN_OBJC_ROOT_CLASS = YES_ERROR;
				CLANG_WARN_UNREACHABLE_CODE = YES;
				CLANG_WARN__DUPLICATE_METHOD_MATCH = YES;
				CODE_SIGN_IDENTITY = "-";
				COPY_PHASE_STRIP = NO;
				DEBUG_INFORMATION_FORMAT = "dwarf-with-dsym";
				ENABLE_NS_ASSERTIONS = NO;
				ENABLE_STRICT_OBJC_MSGSEND = YES;
				GCC_C_LANGUAGE_STANDARD = gnu99;
				GCC_NO_COMMON_BLOCKS = YES;
				GCC_WARN_64_TO_32_BIT_CONVERSION = YES;
				GCC_WARN_ABOUT_RETURN_TYPE = YES_ERROR;
				GCC_WARN_UNDECLARED_SELECTOR = YES;
				GCC_WARN_UNINITIALIZED_AUTOS = YES_AGGRESSIVE;
				GCC_WARN_UNUSED_FUNCTION = YES;
				GCC_WARN_UNUSED_VARIABLE = YES;
				MACOSX_DEPLOYMENT_TARGET = 10.11;
				MTL_ENABLE_DEBUG_INFO = NO;
				SDKROOT = macosx;
			};
			name = Release;
		};
		B3A516901CEEE6E6003CFA3B /* Debug */ = {
			isa = XCBuildConfiguration;
			buildSettings = {
				ASSETCATALOG_COMPILER_APPICON_NAME = AppIcon;
				CLANG_ALLOW_NON_MODULAR_INCLUDES_IN_FRAMEWORK_MODULES = YES;
				COMBINE_HIDPI_IMAGES = YES;
				HEADER_SEARCH_PATHS = $SRCROOT/cppjieba/deps;
				INFOPLIST_FILE = FullTextSearch/Info.plist;
				LD_RUNPATH_SEARCH_PATHS = "$(inherited) @executable_path/../Frameworks";
				LIBRARY_SEARCH_PATHS = "";
				OTHER_LDFLAGS = "";
				PRODUCT_BUNDLE_IDENTIFIER = le.gear.FullTextSearch;
				PRODUCT_NAME = "$(TARGET_NAME)";
			};
			name = Debug;
		};
		B3A516911CEEE6E6003CFA3B /* Release */ = {
			isa = XCBuildConfiguration;
			buildSettings = {
				ASSETCATALOG_COMPILER_APPICON_NAME = AppIcon;
				CLANG_ALLOW_NON_MODULAR_INCLUDES_IN_FRAMEWORK_MODULES = YES;
				COMBINE_HIDPI_IMAGES = YES;
				HEADER_SEARCH_PATHS = $SRCROOT/cppjieba/deps;
				INFOPLIST_FILE = FullTextSearch/Info.plist;
				LD_RUNPATH_SEARCH_PATHS = "$(inherited) @executable_path/../Frameworks";
				LIBRARY_SEARCH_PATHS = "";
				OTHER_LDFLAGS = "";
				PRODUCT_BUNDLE_IDENTIFIER = le.gear.FullTextSearch;
				PRODUCT_NAME = "$(TARGET_NAME)";
			};
			name = Release;
		};
/* End XCBuildConfiguration section */

/* Begin XCConfigurationList section */
		B3779B461D4A2A3300C0F277 /* Build configuration list for PBXNativeTarget "LEFullTextEngine" */ = {
			isa = XCConfigurationList;
			buildConfigurations = (
				B3779B471D4A2A3300C0F277 /* Debug */,
				B3779B481D4A2A3300C0F277 /* Release */,
			);
			defaultConfigurationIsVisible = 0;
		};
		B3779B4A1D4A2A3300C0F277 /* Build configuration list for PBXNativeTarget "LEFullTextEngineTests" */ = {
			isa = XCConfigurationList;
			buildConfigurations = (
				B3779B4B1D4A2A3300C0F277 /* Debug */,
				B3779B4C1D4A2A3300C0F277 /* Release */,
			);
			defaultConfigurationIsVisible = 0;
		};
		B3A516601CEEE6E6003CFA3B /* Build configuration list for PBXProject "FullTextSearch" */ = {
			isa = XCConfigurationList;
			buildConfigurations = (
				B3A5168D1CEEE6E6003CFA3B /* Debug */,
				B3A5168E1CEEE6E6003CFA3B /* Release */,
			);
			defaultConfigurationIsVisible = 0;
			defaultConfigurationName = Release;
		};
		B3A5168F1CEEE6E6003CFA3B /* Build configuration list for PBXNativeTarget "FullTextSearch" */ = {
			isa = XCConfigurationList;
			buildConfigurations = (
				B3A516901CEEE6E6003CFA3B /* Debug */,
				B3A516911CEEE6E6003CFA3B /* Release */,
			);
			defaultConfigurationIsVisible = 0;
			defaultConfigurationName = Release;
		};
/* End XCConfigurationList section */
	};
	rootObject = B3A5165D1CEEE6E6003CFA3B /* Project object */;
}
